
Microsoft Visual Studio Solution File, Format Version 12.00
# Visual Studio 15
VisualStudioVersion = 15.0.28307.960
MinimumVisualStudioVersion = 10.0.40219.1
Project("{FAE04EC0-301F-11D3-BF4B-00C04F79EFBC}") = "ChallengesDriver", "ChallengesDriver\ChallengesDriver.csproj", "{FB682930-5A08-4E6D-B2EB-256E2A8E89C3}"
EndProject
Project("{FAE04EC0-301F-11D3-BF4B-00C04F79EFBC}") = "SampleDataCreator", "SampleDataCreator\SampleDataCreator.csproj", "{6F5ED48F-FB4F-4387-9833-C54BF89901C9}"
EndProject
Project("{FAE04EC0-301F-11D3-BF4B-00C04F79EFBC}") = "AnotherDriver", "AnotherDriver\AnotherDriver.csproj", "{18459720-A6BD-4B4C-BF33-C4FA1E9ADDE1}"
EndProject
Global
	GlobalSection(SolutionConfigurationPlatforms) = preSolution
		Debug|Any CPU = Debug|Any CPU
		Release|Any CPU = Release|Any CPU
	EndGlobalSection
	GlobalSection(ProjectConfigurationPlatforms) = postSolution
		{FB682930-5A08-4E6D-B2EB-256E2A8E89C3}.Debug|Any CPU.ActiveCfg = Debug|Any CPU
		{FB682930-5A08-4E6D-B2EB-256E2A8E89C3}.Debug|Any CPU.Build.0 = Debug|Any CPU
		{FB682930-5A08-4E6D-B2EB-256E2A8E89C3}.Release|Any CPU.ActiveCfg = Release|Any CPU
		{FB682930-5A08-4E6D-B2EB-256E2A8E89C3}.Release|Any CPU.Build.0 = Release|Any CPU
		{6F5ED48F-FB4F-4387-9833-C54BF89901C9}.Debug|Any CPU.ActiveCfg = Debug|Any CPU
		{6F5ED48F-FB4F-4387-9833-C54BF89901C9}.Debug|Any CPU.Build.0 = Debug|Any CPU
		{6F5ED48F-FB4F-4387-9833-C54BF89901C9}.Release|Any CPU.ActiveCfg = Release|Any CPU
		{6F5ED48F-FB4F-4387-9833-C54BF89901C9}.Release|Any CPU.Build.0 = Release|Any CPU
		{18459720-A6BD-4B4C-BF33-C4FA1E9ADDE1}.Debug|Any CPU.ActiveCfg = Debug|Any CPU
		{18459720-A6BD-4B4C-BF33-C4FA1E9ADDE1}.Debug|Any CPU.Build.0 = Debug|Any CPU
		{18459720-A6BD-4B4C-BF33-C4FA1E9ADDE1}.Release|Any CPU.ActiveCfg = Release|Any CPU
		{18459720-A6BD-4B4C-BF33-C4FA1E9ADDE1}.Release|Any CPU.Build.0 = Release|Any CPU
	EndGlobalSection
	GlobalSection(SolutionProperties) = preSolution
		HideSolutionNode = FALSE
	EndGlobalSection
	GlobalSection(ExtensibilityGlobals) = postSolution
		SolutionGuid = {4C2D05C6-23CD-409E-B00E-C127270A1DF9}
	EndGlobalSection
EndGlobal
